
Microsoft Visual Studio Solution File, Format Version 12.00
# Visual Studio Version 16
VisualStudioVersion = 16.0.29306.81
MinimumVisualStudioVersion = 10.0.40219.1
Project("{F184B08F-C81C-45F6-A57F-5ABD9991F28F}") = "Grade", "Grade\Grade.vbproj", "{18516720-BF58-4F98-B722-622908B50BC7}"
EndProject
Project("{F184B08F-C81C-45F6-A57F-5ABD9991F28F}") = "Leap", "Leap\Leap.vbproj", "{C5D82966-A10E-4B2A-93FF-FCABE1726620}"
EndProject
Project("{F184B08F-C81C-45F6-A57F-5ABD9991F28F}") = "Month", "Month\Month.vbproj", "{4838ADC5-1C27-4D70-B037-5484E204143B}"
EndProject
Global
	GlobalSection(SolutionConfigurationPlatforms) = preSolution
		Debug|Any CPU = Debug|Any CPU
		Release|Any CPU = Release|Any CPU
	EndGlobalSection
	GlobalSection(ProjectConfigurationPlatforms) = postSolution
		{18516720-BF58-4F98-B722-622908B50BC7}.Debug|Any CPU.ActiveCfg = Debug|Any CPU
		{18516720-BF58-4F98-B722-622908B50BC7}.Debug|Any CPU.Build.0 = Debug|Any CPU
		{18516720-BF58-4F98-B722-622908B50BC7}.Release|Any CPU.ActiveCfg = Release|Any CPU
		{18516720-BF58-4F98-B722-622908B50BC7}.Release|Any CPU.Build.0 = Release|Any CPU
		{C5D82966-A10E-4B2A-93FF-FCABE1726620}.Debug|Any CPU.ActiveCfg = Debug|Any CPU
		{C5D82966-A10E-4B2A-93FF-FCABE1726620}.Debug|Any CPU.Build.0 = Debug|Any CPU
		{C5D82966-A10E-4B2A-93FF-FCABE1726620}.Release|Any CPU.ActiveCfg = Release|Any CPU
		{C5D82966-A10E-4B2A-93FF-FCABE1726620}.Release|Any CPU.Build.0 = Release|Any CPU
		{4838ADC5-1C27-4D70-B037-5484E204143B}.Debug|Any CPU.ActiveCfg = Debug|Any CPU
		{4838ADC5-1C27-4D70-B037-5484E204143B}.Debug|Any CPU.Build.0 = Debug|Any CPU
		{4838ADC5-1C27-4D70-B037-5484E204143B}.Release|Any CPU.ActiveCfg = Release|Any CPU
		{4838ADC5-1C27-4D70-B037-5484E204143B}.Release|Any CPU.Build.0 = Release|Any CPU
	EndGlobalSection
	GlobalSection(SolutionProperties) = preSolution
		HideSolutionNode = FALSE
	EndGlobalSection
	GlobalSection(ExtensibilityGlobals) = postSolution
		SolutionGuid = {E9D5684E-26FC-4E5A-8D7C-81B84216EBBB}
	EndGlobalSection
EndGlobal
